
Microsoft Visual Studio Solution File, Format Version 12.00
# Visual Studio Version 17
VisualStudioVersion = 17.3.32929.385
MinimumVisualStudioVersion = 10.0.40219.1
Project("{9A19103F-16F7-4668-BE54-9A1E7A4F7556}") = "Task1", "Task1\Task1.csproj", "{B9643369-0761-4F7A-9571-31B4DF971F80}"
EndProject
Project("{FAE04EC0-301F-11D3-BF4B-00C04F79EFBC}") = "Task2", "Task2\Task2.csproj", "{20812CE3-DA41-47B8-8CAC-CAD26DB73BDB}"
EndProject
Global
	GlobalSection(SolutionConfigurationPlatforms) = preSolution
		Debug|Any CPU = Debug|Any CPU
		Release|Any CPU = Release|Any CPU
	EndGlobalSection
	GlobalSection(ProjectConfigurationPlatforms) = postSolution
		{B9643369-0761-4F7A-9571-31B4DF971F80}.Debug|Any CPU.ActiveCfg = Debug|Any CPU
		{B9643369-0761-4F7A-9571-31B4DF971F80}.Debug|Any CPU.Build.0 = Debug|Any CPU
		{B9643369-0761-4F7A-9571-31B4DF971F80}.Release|Any CPU.ActiveCfg = Release|Any CPU
		{B9643369-0761-4F7A-9571-31B4DF971F80}.Release|Any CPU.Build.0 = Release|Any CPU
		{20812CE3-DA41-47B8-8CAC-CAD26DB73BDB}.Debug|Any CPU.ActiveCfg = Debug|Any CPU
		{20812CE3-DA41-47B8-8CAC-CAD26DB73BDB}.Debug|Any CPU.Build.0 = Debug|Any CPU
		{20812CE3-DA41-47B8-8CAC-CAD26DB73BDB}.Release|Any CPU.ActiveCfg = Release|Any CPU
		{20812CE3-DA41-47B8-8CAC-CAD26DB73BDB}.Release|Any CPU.Build.0 = Release|Any CPU
	EndGlobalSection
	GlobalSection(SolutionProperties) = preSolution
		HideSolutionNode = FALSE
	EndGlobalSection
	GlobalSection(ExtensibilityGlobals) = postSolution
		SolutionGuid = {8CA61151-4F8E-4090-8915-BB49220EB0B1}
	EndGlobalSection
EndGlobal
